
Microsoft Visual Studio Solution File, Format Version 12.00
# Visual Studio Version 17
VisualStudioVersion = 17.7.34018.315
MinimumVisualStudioVersion = 10.0.40219.1
Project("{FAE04EC0-301F-11D3-BF4B-00C04F79EFBC}") = "ADOSamples.ConsoleUI", "ADOSamples.ConsoleUI\ADOSamples.ConsoleUI.csproj", "{1417FE41-9714-46A2-A712-4BF9238D655F}"
EndProject
Global
	GlobalSection(SolutionConfigurationPlatforms) = preSolution
		Debug|Any CPU = Debug|Any CPU
		Release|Any CPU = Release|Any CPU
	EndGlobalSection
	GlobalSection(ProjectConfigurationPlatforms) = postSolution
		{1417FE41-9714-46A2-A712-4BF9238D655F}.Debug|Any CPU.ActiveCfg = Debug|Any CPU
		{1417FE41-9714-46A2-A712-4BF9238D655F}.Debug|Any CPU.Build.0 = Debug|Any CPU
		{1417FE41-9714-46A2-A712-4BF9238D655F}.Release|Any CPU.ActiveCfg = Release|Any CPU
		{1417FE41-9714-46A2-A712-4BF9238D655F}.Release|Any CPU.Build.0 = Release|Any CPU
	EndGlobalSection
	GlobalSection(SolutionProperties) = preSolution
		HideSolutionNode = FALSE
	EndGlobalSection
	GlobalSection(ExtensibilityGlobals) = postSolution
		SolutionGuid = {EF738853-2C25-4D11-B978-E3E9425D287C}
	EndGlobalSection
EndGlobal
